<?xml version="1.0" encoding="utf-8"?>
<Project ToolsVersion="4.0" xmlns="http://schemas.microsoft.com/developer/msbuild/2003">
  <ItemGroup>
    <Filter Include="Source Files">
      <UniqueIdentifier>{a25aa46d-0fea-4006-9c89-4f6d752dcdf2}</UniqueIdentifier>
      <Extensions>cpp;c;cxx;rc;def;r;odl;idl;hpj;bat</Extensions>
    </Filter>
    <Filter Include="Header Files">
      <UniqueIdentifier>{94149b69-3111-4964-a343-d5920930a3e1}</UniqueIdentifier>
      <Extensions>h;hpp;hxx;hm;inl</Extensions>
    </Filter>
    <Filter Include="Resource Files">
      <UniqueIdentifier>{e1f8d805-f0d7-4597-83c3-241e480067ef}</UniqueIdentifier>
      <Extensions>ico;cur;bmp;dlg;rc2;rct;bin;rgs;gif;jpg;jpeg;jpe</Extensions>
    </Filter>
  </ItemGroup>
  <ItemGroup>
    <ClCompile Include="coms.c">
      <Filter>Source Files</Filter>
    </ClCompile>
    <ClCompile Include="error.c">
      <Filter>Source Files</Filter>
    </ClCompile>
    <ClCompile Include="eval.c">
      <Filter>Source Files</Filter>
    </ClCompile>
    <ClCompile Include="files.c">
      <Filter>Source Files</Filter>
    </ClCompile>
    <ClCompile Include="graphics.c">
      <Filter>Source Files</Filter>
    </ClCompile>
    <ClCompile Include="init.c">
      <Filter>Source Files</Filter>
    </ClCompile>
    <ClCompile Include="intern.c">
      <Filter>Source Files</Filter>
    </ClCompile>
    <ClCompile Include="lists.c">
      <Filter>Source Files</Filter>
    </ClCompile>
    <ClCompile Include="logodata.c">
      <Filter>Source Files</Filter>
    </ClCompile>
    <ClCompile Include="main.c">
      <Filter>Source Files</Filter>
    </ClCompile>
    <ClCompile Include="makehelp.c">
      <Filter>Source Files</Filter>
    </ClCompile>
    <ClCompile Include="math.c">
      <Filter>Source Files</Filter>
    </ClCompile>
    <ClCompile Include="mem.c">
      <Filter>Source Files</Filter>
    </ClCompile>
    <ClCompile Include="obj.c">
      <Filter>Source Files</Filter>
    </ClCompile>
    <ClCompile Include="paren.c">
      <Filter>Source Files</Filter>
    </ClCompile>
    <ClCompile Include="parse.c">
      <Filter>Source Files</Filter>
    </ClCompile>
    <ClCompile Include="print.c">
      <Filter>Source Files</Filter>
    </ClCompile>
    <ClCompile Include="svn.c">
      <Filter>Source Files</Filter>
    </ClCompile>
    <ClCompile Include="TextEditor.cpp">
      <Filter>Source Files</Filter>
    </ClCompile>
    <ClCompile Include="wrksp.c">
      <Filter>Source Files</Filter>
    </ClCompile>
    <ClCompile Include="wxMain.cpp">
      <Filter>Source Files</Filter>
    </ClCompile>
    <ClCompile Include="wxterm.c">
      <Filter>Source Files</Filter>
    </ClCompile>
    <ClCompile Include="wxTerminal.cpp">
      <Filter>Source Files</Filter>
    </ClCompile>
    <ClCompile Include="wxTurtleGraphics.cpp">
      <Filter>Source Files</Filter>
    </ClCompile>
  </ItemGroup>
  <ItemGroup>
    <ClInclude Include="globals.h">
      <Filter>Header Files</Filter>
    </ClInclude>
    <ClInclude Include="gpl_text.h">
      <Filter>Header Files</Filter>
    </ClInclude>
    <ClInclude Include="logo.h">
      <Filter>Header Files</Filter>
    </ClInclude>
    <ClInclude Include="LogoFrame.h">
      <Filter>Header Files</Filter>
    </ClInclude>
    <ClInclude Include="macterm.h">
      <Filter>Header Files</Filter>
    </ClInclude>
    <ClInclude Include="nographics.h">
      <Filter>Header Files</Filter>
    </ClInclude>
    <ClInclude Include="TextEditor.h">
      <Filter>Header Files</Filter>
    </ClInclude>
    <ClInclude Include="win32trm.h">
      <Filter>Header Files</Filter>
    </ClInclude>
    <ClInclude Include="wxGlobals.h">
      <Filter>Header Files</Filter>
    </ClInclude>
    <ClInclude Include="wxGraphics.h">
      <Filter>Header Files</Filter>
    </ClInclude>
    <ClInclude Include="wxMain.h">
      <Filter>Header Files</Filter>
    </ClInclude>
    <ClInclude Include="wxTerminal.h">
      <Filter>Header Files</Filter>
    </ClInclude>
    <ClInclude Include="wxTurtleGraphics.h">
      <Filter>Header Files</Filter>
    </ClInclude>
    <ClInclude Include="xgraphics.h">
      <Filter>Header Files</Filter>
    </ClInclude>
    <ClInclude Include="ztcterm.h">
      <Filter>Header Files</Filter>
    </ClInclude>
    <ClInclude Include="eval.h">
      <Filter>Header Files</Filter>
    </ClInclude>
  </ItemGroup>
</Project>